
Microsoft Visual Studio Solution File, Format Version 12.00
# Visual Studio Version 17
VisualStudioVersion = 17.11.35219.272
MinimumVisualStudioVersion = 10.0.40219.1
Project("{9A19103F-16F7-4668-BE54-9A1E7A4F7556}") = "MinimalWebAPI.API", "MinimalWebAPI.API\MinimalWebAPI.API.csproj", "{2154224A-44F4-41D6-8535-8C8E33FCE581}"
EndProject
Project("{9A19103F-16F7-4668-BE54-9A1E7A4F7556}") = "MinimalWebAPI.Tests", "MinimalWebAPI.Tests\MinimalWebAPI.Tests.csproj", "{2C03042C-CEAC-4142-BC9B-3FBE59AA0485}"
EndProject
Project("{9A19103F-16F7-4668-BE54-9A1E7A4F7556}") = "MinimalWebAPI.AppHost", "MinimalWebAPI.AppHost\MinimalWebAPI.AppHost.csproj", "{4FB91602-2EA0-4021-B81C-8595C1D3F1AD}"
EndProject
Project("{9A19103F-16F7-4668-BE54-9A1E7A4F7556}") = "MinimalWebAPI.ServiceDefaults", "MinimalWebAPI.ServiceDefaults\MinimalWebAPI.ServiceDefaults.csproj", "{A8786501-874D-4DC6-A331-783F8EE11575}"
EndProject
Project("{9A19103F-16F7-4668-BE54-9A1E7A4F7556}") = "MinimalWebAPI.UI", "MinimalWebAPI.UI\MinimalWebAPI.UI.csproj", "{DEE94446-B31B-4242-A809-D3B2083F0D7A}"
EndProject
Project("{9A19103F-16F7-4668-BE54-9A1E7A4F7556}") = "MinimalWebAPI.CosmosInitializer", "MinimalWebAPI.CosmosInitializer\MinimalWebAPI.CosmosInitializer.csproj", "{173BF39C-E88E-4653-BD40-6F0D55EB8C34}"
EndProject
Project("{9A19103F-16F7-4668-BE54-9A1E7A4F7556}") = "MinimalWebAPI.Functions", "MinimalWebAPI.Functions\MinimalWebAPI.Functions.csproj", "{61F176A1-8787-459F-A673-11B328179CF3}"
EndProject
Project("{9A19103F-16F7-4668-BE54-9A1E7A4F7556}") = "MinimalWebAPI.Shared", "MinimalWebAPI.Shared\MinimalWebAPI.Shared.csproj", "{3B007E9A-6C30-4436-A103-8DA0D33C2DE5}"
EndProject
Global
	GlobalSection(SolutionConfigurationPlatforms) = preSolution
		Debug|Any CPU = Debug|Any CPU
		Release|Any CPU = Release|Any CPU
	EndGlobalSection
	GlobalSection(ProjectConfigurationPlatforms) = postSolution
		{2154224A-44F4-41D6-8535-8C8E33FCE581}.Debug|Any CPU.ActiveCfg = Debug|Any CPU
		{2154224A-44F4-41D6-8535-8C8E33FCE581}.Debug|Any CPU.Build.0 = Debug|Any CPU
		{2154224A-44F4-41D6-8535-8C8E33FCE581}.Release|Any CPU.ActiveCfg = Release|Any CPU
		{2154224A-44F4-41D6-8535-8C8E33FCE581}.Release|Any CPU.Build.0 = Release|Any CPU
		{2C03042C-CEAC-4142-BC9B-3FBE59AA0485}.Debug|Any CPU.ActiveCfg = Debug|Any CPU
		{2C03042C-CEAC-4142-BC9B-3FBE59AA0485}.Debug|Any CPU.Build.0 = Debug|Any CPU
		{2C03042C-CEAC-4142-BC9B-3FBE59AA0485}.Release|Any CPU.ActiveCfg = Release|Any CPU
		{2C03042C-CEAC-4142-BC9B-3FBE59AA0485}.Release|Any CPU.Build.0 = Release|Any CPU
		{4FB91602-2EA0-4021-B81C-8595C1D3F1AD}.Debug|Any CPU.ActiveCfg = Debug|Any CPU
		{4FB91602-2EA0-4021-B81C-8595C1D3F1AD}.Debug|Any CPU.Build.0 = Debug|Any CPU
		{4FB91602-2EA0-4021-B81C-8595C1D3F1AD}.Release|Any CPU.ActiveCfg = Release|Any CPU
		{4FB91602-2EA0-4021-B81C-8595C1D3F1AD}.Release|Any CPU.Build.0 = Release|Any CPU
		{A8786501-874D-4DC6-A331-783F8EE11575}.Debug|Any CPU.ActiveCfg = Debug|Any CPU
		{A8786501-874D-4DC6-A331-783F8EE11575}.Debug|Any CPU.Build.0 = Debug|Any CPU
		{A8786501-874D-4DC6-A331-783F8EE11575}.Release|Any CPU.ActiveCfg = Release|Any CPU
		{A8786501-874D-4DC6-A331-783F8EE11575}.Release|Any CPU.Build.0 = Release|Any CPU
		{DEE94446-B31B-4242-A809-D3B2083F0D7A}.Debug|Any CPU.ActiveCfg = Debug|Any CPU
		{DEE94446-B31B-4242-A809-D3B2083F0D7A}.Debug|Any CPU.Build.0 = Debug|Any CPU
		{DEE94446-B31B-4242-A809-D3B2083F0D7A}.Release|Any CPU.ActiveCfg = Release|Any CPU
		{DEE94446-B31B-4242-A809-D3B2083F0D7A}.Release|Any CPU.Build.0 = Release|Any CPU
		{173BF39C-E88E-4653-BD40-6F0D55EB8C34}.Debug|Any CPU.ActiveCfg = Debug|Any CPU
		{173BF39C-E88E-4653-BD40-6F0D55EB8C34}.Debug|Any CPU.Build.0 = Debug|Any CPU
		{173BF39C-E88E-4653-BD40-6F0D55EB8C34}.Release|Any CPU.ActiveCfg = Release|Any CPU
		{173BF39C-E88E-4653-BD40-6F0D55EB8C34}.Release|Any CPU.Build.0 = Release|Any CPU
		{61F176A1-8787-459F-A673-11B328179CF3}.Debug|Any CPU.ActiveCfg = Debug|Any CPU
		{61F176A1-8787-459F-A673-11B328179CF3}.Debug|Any CPU.Build.0 = Debug|Any CPU
		{61F176A1-8787-459F-A673-11B328179CF3}.Release|Any CPU.ActiveCfg = Release|Any CPU
		{61F176A1-8787-459F-A673-11B328179CF3}.Release|Any CPU.Build.0 = Release|Any CPU
		{3B007E9A-6C30-4436-A103-8DA0D33C2DE5}.Debug|Any CPU.ActiveCfg = Debug|Any CPU
		{3B007E9A-6C30-4436-A103-8DA0D33C2DE5}.Debug|Any CPU.Build.0 = Debug|Any CPU
		{3B007E9A-6C30-4436-A103-8DA0D33C2DE5}.Release|Any CPU.ActiveCfg = Release|Any CPU
		{3B007E9A-6C30-4436-A103-8DA0D33C2DE5}.Release|Any CPU.Build.0 = Release|Any CPU
	EndGlobalSection
	GlobalSection(SolutionProperties) = preSolution
		HideSolutionNode = FALSE
	EndGlobalSection
	GlobalSection(ExtensibilityGlobals) = postSolution
		SolutionGuid = {9C65755F-B358-40AF-BA3C-BBBF726EFE4A}
	EndGlobalSection
EndGlobal
