
Microsoft Visual Studio Solution File, Format Version 12.00
# Visual Studio Version 17
VisualStudioVersion = 17.11.35219.272
MinimumVisualStudioVersion = 10.0.40219.1
Project("{9A19103F-16F7-4668-BE54-9A1E7A4F7556}") = "MinimalWebAPI", "MinimalWebAPI\MinimalWebAPI.csproj", "{2154224A-44F4-41D6-8535-8C8E33FCE581}"
EndProject
Project("{9A19103F-16F7-4668-BE54-9A1E7A4F7556}") = "MinimalWebAPI.Tests", "MinimalWebAPI.Tests\MinimalWebAPI.Tests.csproj", "{2C03042C-CEAC-4142-BC9B-3FBE59AA0485}"
EndProject
Global
	GlobalSection(SolutionConfigurationPlatforms) = preSolution
		Debug|Any CPU = Debug|Any CPU
		Release|Any CPU = Release|Any CPU
	EndGlobalSection
	GlobalSection(ProjectConfigurationPlatforms) = postSolution
		{2154224A-44F4-41D6-8535-8C8E33FCE581}.Debug|Any CPU.ActiveCfg = Debug|Any CPU
		{2154224A-44F4-41D6-8535-8C8E33FCE581}.Debug|Any CPU.Build.0 = Debug|Any CPU
		{2154224A-44F4-41D6-8535-8C8E33FCE581}.Release|Any CPU.ActiveCfg = Release|Any CPU
		{2154224A-44F4-41D6-8535-8C8E33FCE581}.Release|Any CPU.Build.0 = Release|Any CPU
		{2C03042C-CEAC-4142-BC9B-3FBE59AA0485}.Debug|Any CPU.ActiveCfg = Debug|Any CPU
		{2C03042C-CEAC-4142-BC9B-3FBE59AA0485}.Debug|Any CPU.Build.0 = Debug|Any CPU
		{2C03042C-CEAC-4142-BC9B-3FBE59AA0485}.Release|Any CPU.ActiveCfg = Release|Any CPU
		{2C03042C-CEAC-4142-BC9B-3FBE59AA0485}.Release|Any CPU.Build.0 = Release|Any CPU
	EndGlobalSection
	GlobalSection(SolutionProperties) = preSolution
		HideSolutionNode = FALSE
	EndGlobalSection
	GlobalSection(ExtensibilityGlobals) = postSolution
		SolutionGuid = {9C65755F-B358-40AF-BA3C-BBBF726EFE4A}
	EndGlobalSection
EndGlobal
